
Microsoft Visual Studio Solution File, Format Version 12.00
# Visual Studio Version 17
VisualStudioVersion = 17.0.32014.148
MinimumVisualStudioVersion = 10.0.40219.1
Project("{FAE04EC0-301F-11D3-BF4B-00C04F79EFBC}") = "circular queue finaly", "circular queue finaly\circular queue finaly.csproj", "{AE7C58BD-9924-4662-9EB9-3D5655A86A9F}"
EndProject
Global
	GlobalSection(SolutionConfigurationPlatforms) = preSolution
		Debug|Any CPU = Debug|Any CPU
		Release|Any CPU = Release|Any CPU
	EndGlobalSection
	GlobalSection(ProjectConfigurationPlatforms) = postSolution
		{AE7C58BD-9924-4662-9EB9-3D5655A86A9F}.Debug|Any CPU.ActiveCfg = Debug|Any CPU
		{AE7C58BD-9924-4662-9EB9-3D5655A86A9F}.Debug|Any CPU.Build.0 = Debug|Any CPU
		{AE7C58BD-9924-4662-9EB9-3D5655A86A9F}.Release|Any CPU.ActiveCfg = Release|Any CPU
		{AE7C58BD-9924-4662-9EB9-3D5655A86A9F}.Release|Any CPU.Build.0 = Release|Any CPU
	EndGlobalSection
	GlobalSection(SolutionProperties) = preSolution
		HideSolutionNode = FALSE
	EndGlobalSection
	GlobalSection(ExtensibilityGlobals) = postSolution
		SolutionGuid = {D279AB79-E33D-4093-BDBD-FD747FB1FAE2}
	EndGlobalSection
EndGlobal
